// !$*UTF8*$!
{
	archiveVersion = 1;
	classes = {
	};
	objectVersion = 46;
	objects = {

/* Begin PBXBuildFile section */
		8C6E9FA01C9AA34E000D6FFF /* main.m in Sources */ = {isa = PBXBuildFile; fileRef = 8C6E9F9F1C9AA34E000D6FFF /* main.m */; };
		8C6E9FA31C9AA34E000D6FFF /* AppDelegate.m in Sources */ = {isa = PBXBuildFile; fileRef = 8C6E9FA21C9AA34E000D6FFF /* AppDelegate.m */; };
		8C6E9FA91C9AA34E000D6FFF /* Main.storyboard in Resources */ = {isa = PBXBuildFile; fileRef = 8C6E9FA71C9AA34E000D6FFF /* Main.storyboard */; };
		8C6E9FAB1C9AA34E000D6FFF /* Assets.xcassets in Resources */ = {isa = PBXBuildFile; fileRef = 8C6E9FAA1C9AA34E000D6FFF /* Assets.xcassets */; };
		8C6E9FAE1C9AA34E000D6FFF /* LaunchScreen.storyboard in Resources */ = {isa = PBXBuildFile; fileRef = 8C6E9FAC1C9AA34E000D6FFF /* LaunchScreen.storyboard */; };
		8C6E9FB71C9AA77C000D6FFF /* TableViewController.m in Sources */ = {isa = PBXBuildFile; fileRef = 8C6E9FB61C9AA77C000D6FFF /* TableViewController.m */; };
		8C6E9FBA1C9AB230000D6FFF /* TableViewCell.m in Sources */ = {isa = PBXBuildFile; fileRef = 8C6E9FB91C9AB230000D6FFF /* TableViewCell.m */; };
/* End PBXBuildFile section */

/* Begin PBXFileReference section */
		8C6E9F9B1C9AA34E000D6FFF /* AVSpeechSynthesizerDemo.app */ = {isa = PBXFileReference; explicitFileType = wrapper.application; includeInIndex = 0; path = AVSpeechSynthesizerDemo.app; sourceTree = BUILT_PRODUCTS_DIR; };
		8C6E9F9F1C9AA34E000D6FFF /* main.m */ = {isa = PBXFileReference; lastKnownFileType = sourcecode.c.objc; path = main.m; sourceTree = "<group>"; };
		8C6E9FA11C9AA34E000D6FFF /* AppDelegate.h */ = {isa = PBXFileReference; lastKnownFileType = sourcecode.c.h; path = AppDelegate.h; sourceTree = "<group>"; };
		8C6E9FA21C9AA34E000D6FFF /* AppDelegate.m */ = {isa = PBXFileReference; lastKnownFileType = sourcecode.c.objc; path = AppDelegate.m; sourceTree = "<group>"; };
		8C6E9FA81C9AA34E000D6FFF /* Base */ = {isa = PBXFileReference; lastKnownFileType = file.storyboard; name = Base; path = Base.lproj/Main.storyboard; sourceTree = "<group>"; };
		8C6E9FAA1C9AA34E000D6FFF /* Assets.xcassets */ = {isa = PBXFileReference; lastKnownFileType = folder.assetcatalog; path = Assets.xcassets; sourceTree = "<group>"; };
		8C6E9FAD1C9AA34E000D6FFF /* Base */ = {isa = PBXFileReference; lastKnownFileType = file.storyboard; name = Base; path = Base.lproj/LaunchScreen.storyboard; sourceTree = "<group>"; };
		8C6E9FAF1C9AA34E000D6FFF /* Info.plist */ = {isa = PBXFileReference; lastKnownFileType = text.plist.xml; path = Info.plist; sourceTree = "<group>"; };
		8C6E9FB51C9AA77C000D6FFF /* TableViewController.h */ = {isa = PBXFileReference; fileEncoding = 4; lastKnownFileType = sourcecode.c.h; path = TableViewController.h; sourceTree = "<group>"; };
		8C6E9FB61C9AA77C000D6FFF /* TableViewController.m */ = {isa = PBXFileReference; fileEncoding = 4; lastKnownFileType = sourcecode.c.objc; path = TableViewController.m; sourceTree = "<group>"; };
		8C6E9FB81C9AB230000D6FFF /* TableViewCell.h */ = {isa = PBXFileReference; fileEncoding = 4; lastKnownFileType = sourcecode.c.h; path = TableViewCell.h; sourceTree = "<group>"; };
		8C6E9FB91C9AB230000D6FFF /* TableViewCell.m */ = {isa = PBXFileReference; fileEncoding = 4; lastKnownFileType = sourcecode.c.objc; path = TableViewCell.m; sourceTree = "<group>"; };
/* End PBXFileReference section */

/* Begin PBXFrameworksBuildPhase section */
		8C6E9F981C9AA34E000D6FFF /* Frameworks */ = {
			isa = PBXFrameworksBuildPhase;
			buildActionMask = 2147483647;
			files = (
			);
			runOnlyForDeploymentPostprocessing = 0;
		};
/* End PBXFrameworksBuildPhase section */

/* Begin PBXGroup section */
		8C6E9F921C9AA34E000D6FFF = {
			isa = PBXGroup;
			children = (
				8C6E9F9D1C9AA34E000D6FFF /* AVSpeechSynthesizerDemo */,
				8C6E9F9C1C9AA34E000D6FFF /* Products */,
			);
			sourceTree = "<group>";
		};
		8C6E9F9C1C9AA34E000D6FFF /* Products */ = {
			isa = PBXGroup;
			children = (
				8C6E9F9B1C9AA34E000D6FFF /* AVSpeechSynthesizerDemo.app */,
			);
			name = Products;
			sourceTree = "<group>";
		};
		8C6E9F9D1C9AA34E000D6FFF /* AVSpeechSynthesizerDemo */ = {
			isa = PBXGroup;
			children = (
				8C6E9FA11C9AA34E000D6FFF /* AppDelegate.h */,
				8C6E9FA21C9AA34E000D6FFF /* AppDelegate.m */,
				8C6E9FB51C9AA77C000D6FFF /* TableViewController.h */,
				8C6E9FB61C9AA77C000D6FFF /* TableViewController.m */,
				8C6E9FA71C9AA34E000D6FFF /* Main.storyboard */,
				8C6E9FAA1C9AA34E000D6FFF /* Assets.xcassets */,
				8C6E9FAC1C9AA34E000D6FFF /* LaunchScreen.storyboard */,
				8C6E9FAF1C9AA34E000D6FFF /* Info.plist */,
				8C6E9F9E1C9AA34E000D6FFF /* Supporting Files */,
				8C6E9FB81C9AB230000D6FFF /* TableViewCell.h */,
				8C6E9FB91C9AB230000D6FFF /* TableViewCell.m */,
			);
			path = AVSpeechSynthesizerDemo;
			sourceTree = "<group>";
		};
		8C6E9F9E1C9AA34E000D6FFF /* Supporting Files */ = {
			isa = PBXGroup;
			children = (
				8C6E9F9F1C9AA34E000D6FFF /* main.m */,
			);
			name = "Supporting Files";
			sourceTree = "<group>";
		};
/* End PBXGroup section */

/* Begin PBXNativeTarget section */
		8C6E9F9A1C9AA34E000D6FFF /* AVSpeechSynthesizerDemo */ = {
			isa = PBXNativeTarget;
			buildConfigurationList = 8C6E9FB21C9AA34E000D6FFF /* Build configuration list for PBXNativeTarget "AVSpeechSynthesizerDemo" */;
			buildPhases = (
				8C6E9F971C9AA34E000D6FFF /* Sources */,
				8C6E9F981C9AA34E000D6FFF /* Frameworks */,
				8C6E9F991C9AA34E000D6FFF /* Resources */,
			);
			buildRules = (
			);
			dependencies = (
			);
			name = AVSpeechSynthesizerDemo;
			productName = AVSpeechSynthesizerDemo;
			productReference = 8C6E9F9B1C9AA34E000D6FFF /* AVSpeechSynthesizerDemo.app */;
			productType = "com.apple.product-type.application";
		};
/* End PBXNativeTarget section */

/* Begin PBXProject section */
		8C6E9F931C9AA34E000D6FFF /* Project object */ = {
			isa = PBXProject;
			attributes = {
				LastUpgradeCheck = 0720;
				ORGANIZATIONNAME = MiaoGuangfa;
				TargetAttributes = {
					8C6E9F9A1C9AA34E000D6FFF = {
						CreatedOnToolsVersion = 7.2.1;
						DevelopmentTeam = VELCFRZBHZ;
					};
				};
			};
			buildConfigurationList = 8C6E9F961C9AA34E000D6FFF /* Build configuration list for PBXProject "AVSpeechSynthesizerDemo" */;
			compatibilityVersion = "Xcode 3.2";
			developmentRegion = English;
			hasScannedForEncodings = 0;
			knownRegions = (
				en,
				Base,
			);
			mainGroup = 8C6E9F921C9AA34E000D6FFF;
			productRefGroup = 8C6E9F9C1C9AA34E000D6FFF /* Products */;
			projectDirPath = "";
			projectRoot = "";
			targets = (
				8C6E9F9A1C9AA34E000D6FFF /* AVSpeechSynthesizerDemo */,
			);
		};
/* End PBXProject section */

/* Begin PBXResourcesBuildPhase section */
		8C6E9F991C9AA34E000D6FFF /* Resources */ = {
			isa = PBXResourcesBuildPhase;
			buildActionMask = 2147483647;
			files = (
				8C6E9FAE1C9AA34E000D6FFF /* LaunchScreen.storyboard in Resources */,
				8C6E9FAB1C9AA34E000D6FFF /* Assets.xcassets in Resources */,
				8C6E9FA91C9AA34E000D6FFF /* Main.storyboard in Resources */,
			);
			runOnlyForDeploymentPostprocessing = 0;
		};
/* End PBXResourcesBuildPhase section */

/* Begin PBXSourcesBuildPhase section */
		8C6E9F971C9AA34E000D6FFF /* Sources */ = {
			isa = PBXSourcesBuildPhase;
			buildActionMask = 2147483647;
			files = (
				8C6E9FA31C9AA34E000D6FFF /* AppDelegate.m in Sources */,
				8C6E9FBA1C9AB230000D6FFF /* TableViewCell.m in Sources */,
				8C6E9FB71C9AA77C000D6FFF /* TableViewController.m in Sources */,
				8C6E9FA01C9AA34E000D6FFF /* main.m in Sources */,
			);
			runOnlyForDeploymentPostprocessing = 0;
		};
/* End PBXSourcesBuildPhase section */

/* Begin PBXVariantGroup section */
		8C6E9FA71C9AA34E000D6FFF /* Main.storyboard */ = {
			isa = PBXVariantGroup;
			children = (
				8C6E9FA81C9AA34E000D6FFF /* Base */,
			);
			name = Main.storyboard;
			sourceTree = "<group>";
		};
		8C6E9FAC1C9AA34E000D6FFF /* LaunchScreen.storyboard */ = {
			isa = PBXVariantGroup;
			children = (
				8C6E9FAD1C9AA34E000D6FFF /* Base */,
			);
			name = LaunchScreen.storyboard;
			sourceTree = "<group>";
		};
/* End PBXVariantGroup section */

/* Begin XCBuildConfiguration section */
		8C6E9FB01C9AA34E000D6FFF /* Debug */ = {
			isa = XCBuildConfiguration;
			buildSettings = {
				ALWAYS_SEARCH_USER_PATHS = NO;
				CLANG_CXX_LANGUAGE_STANDARD = "gnu++0x";
				CLANG_CXX_LIBRARY = "libc++";
				CLANG_ENABLE_MODULES = YES;
				CLANG_ENABLE_OBJC_ARC = YES;
				CLANG_WARN_BOOL_CONVERSION = YES;
				CLANG_WARN_CONSTANT_CONVERSION = YES;
				CLANG_WARN_DIRECT_OBJC_ISA_USAGE = YES_ERROR;
				CLANG_WARN_EMPTY_BODY = YES;
				CLANG_WARN_ENUM_CONVERSION = YES;
				CLANG_WARN_INT_CONVERSION = YES;
				CLANG_WARN_OBJC_ROOT_CLASS = YES_ERROR;
				CLANG_WARN_UNREACHABLE_CODE = YES;
				CLANG_WARN__DUPLICATE_METHOD_MATCH = YES;
				"CODE_SIGN_IDENTITY[sdk=iphoneos*]" = "iPhone Developer";
				COPY_PHASE_STRIP = NO;
				DEBUG_INFORMATION_FORMAT = dwarf;
				ENABLE_STRICT_OBJC_MSGSEND = YES;
				ENABLE_TESTABILITY = YES;
				GCC_C_LANGUAGE_STANDARD = gnu99;
				GCC_DYNAMIC_NO_PIC = NO;
				GCC_NO_COMMON_BLOCKS = YES;
				GCC_OPTIMIZATION_LEVEL = 0;
				GCC_PREPROCESSOR_DEFINITIONS = (
					"DEBUG=1",
					"$(inherited)",
				);
				GCC_WARN_64_TO_32_BIT_CONVERSION = YES;
				GCC_WARN_ABOUT_RETURN_TYPE = YES_ERROR;
				GCC_WARN_UNDECLARED_SELECTOR = YES;
				GCC_WARN_UNINITIALIZED_AUTOS = YES_AGGRESSIVE;
				GCC_WARN_UNUSED_FUNCTION = YES;
				GCC_WARN_UNUSED_VARIABLE = YES;
				IPHONEOS_DEPLOYMENT_TARGET = 9.2;
				MTL_ENABLE_DEBUG_INFO = YES;
				ONLY_ACTIVE_ARCH = YES;
				SDKROOT = iphoneos;
			};
			name = Debug;
		};
		8C6E9FB11C9AA34E000D6FFF /* Release */ = {
			isa = XCBuildConfiguration;
			buildSettings = {
				ALWAYS_SEARCH_USER_PATHS = NO;
				CLANG_CXX_LANGUAGE_STANDARD = "gnu++0x";
				CLANG_CXX_LIBRARY = "libc++";
				CLANG_ENABLE_MODULES = YES;
				CLANG_ENABLE_OBJC_ARC = YES;
				CLANG_WARN_BOOL_CONVERSION = YES;
				CLANG_WARN_CONSTANT_CONVERSION = YES;
				CLANG_WARN_DIRECT_OBJC_ISA_USAGE = YES_ERROR;
				CLANG_WARN_EMPTY_BODY = YES;
				CLANG_WARN_ENUM_CONVERSION = YES;
				CLANG_WARN_INT_CONVERSION = YES;
				CLANG_WARN_OBJC_ROOT_CLASS = YES_ERROR;
				CLANG_WARN_UNREACHABLE_CODE = YES;
				CLANG_WARN__DUPLICATE_METHOD_MATCH = YES;
				"CODE_SIGN_IDENTITY[sdk=iphoneos*]" = "iPhone Developer";
				COPY_PHASE_STRIP = NO;
				DEBUG_INFORMATION_FORMAT = "dwarf-with-dsym";
				ENABLE_NS_ASSERTIONS = NO;
				ENABLE_STRICT_OBJC_MSGSEND = YES;
				GCC_C_LANGUAGE_STANDARD = gnu99;
				GCC_NO_COMMON_BLOCKS = YES;
				GCC_WARN_64_TO_32_BIT_CONVERSION = YES;
				GCC_WARN_ABOUT_RETURN_TYPE = YES_ERROR;
				GCC_WARN_UNDECLARED_SELECTOR = YES;
				GCC_WARN_UNINITIALIZED_AUTOS = YES_AGGRESSIVE;
				GCC_WARN_UNUSED_FUNCTION = YES;
				GCC_WARN_UNUSED_VARIABLE = YES;
				IPHONEOS_DEPLOYMENT_TARGET = 9.2;
				MTL_ENABLE_DEBUG_INFO = NO;
				SDKROOT = iphoneos;
				VALIDATE_PRODUCT = YES;
			};
			name = Release;
		};
		8C6E9FB31C9AA34E000D6FFF /* Debug */ = {
			isa = XCBuildConfiguration;
			buildSettings = {
				ASSETCATALOG_COMPILER_APPICON_NAME = AppIcon;
				CODE_SIGN_IDENTITY = "iPhone Developer";
				INFOPLIST_FILE = AVSpeechSynthesizerDemo/Info.plist;
				LD_RUNPATH_SEARCH_PATHS = "$(inherited) @executable_path/Frameworks";
				PRODUCT_BUNDLE_IDENTIFIER = com.0x4d4746h.AVSpeechSynthesizerDemo;
				PRODUCT_NAME = "$(TARGET_NAME)";
			};
			name = Debug;
		};
		8C6E9FB41C9AA34E000D6FFF /* Release */ = {
			isa = XCBuildConfiguration;
			buildSettings = {
				ASSETCATALOG_COMPILER_APPICON_NAME = AppIcon;
				CODE_SIGN_IDENTITY = "iPhone Developer";
				INFOPLIST_FILE = AVSpeechSynthesizerDemo/Info.plist;
				LD_RUNPATH_SEARCH_PATHS = "$(inherited) @executable_path/Frameworks";
				PRODUCT_BUNDLE_IDENTIFIER = com.0x4d4746h.AVSpeechSynthesizerDemo;
				PRODUCT_NAME = "$(TARGET_NAME)";
			};
			name = Release;
		};
/* End XCBuildConfiguration section */

/* Begin XCConfigurationList section */
		8C6E9F961C9AA34E000D6FFF /* Build configuration list for PBXProject "AVSpeechSynthesizerDemo" */ = {
			isa = XCConfigurationList;
			buildConfigurations = (
				8C6E9FB01C9AA34E000D6FFF /* Debug */,
				8C6E9FB11C9AA34E000D6FFF /* Release */,
			);
			defaultConfigurationIsVisible = 0;
			defaultConfigurationName = Release;
		};
		8C6E9FB21C9AA34E000D6FFF /* Build configuration list for PBXNativeTarget "AVSpeechSynthesizerDemo" */ = {
			isa = XCConfigurationList;
			buildConfigurations = (
				8C6E9FB31C9AA34E000D6FFF /* Debug */,
				8C6E9FB41C9AA34E000D6FFF /* Release */,
			);
			defaultConfigurationIsVisible = 0;
			defaultConfigurationName = Release;
		};
/* End XCConfigurationList section */
	};
	rootObject = 8C6E9F931C9AA34E000D6FFF /* Project object */;
}
